
Microsoft Visual Studio Solution File, Format Version 12.00
# Visual Studio Version 16
VisualStudioVersion = 25.0.1705.4
MinimumVisualStudioVersion = 10.0.40219.1
Project("{FAE04EC0-301F-11D3-BF4B-00C04F79EFBC}") = "SDAM_Part_2", "SDAM_Part_2\SDAM_Part_2.csproj", "{DECCADF3-B219-41B7-853F-8665232DD318}"
EndProject
Project("{FAE04EC0-301F-11D3-BF4B-00C04F79EFBC}") = "SDAM_Part_2_Test", "SDAM_Part_2_Test\SDAM_Part_2_Test.csproj", "{629FB928-D9DA-476C-8ED2-5850784CFC98}"
EndProject
Global
	GlobalSection(SolutionConfigurationPlatforms) = preSolution
		Debug|Any CPU = Debug|Any CPU
		Release|Any CPU = Release|Any CPU
	EndGlobalSection
	GlobalSection(ProjectConfigurationPlatforms) = postSolution
		{DECCADF3-B219-41B7-853F-8665232DD318}.Debug|Any CPU.ActiveCfg = Debug|Any CPU
		{DECCADF3-B219-41B7-853F-8665232DD318}.Debug|Any CPU.Build.0 = Debug|Any CPU
		{DECCADF3-B219-41B7-853F-8665232DD318}.Release|Any CPU.ActiveCfg = Release|Any CPU
		{DECCADF3-B219-41B7-853F-8665232DD318}.Release|Any CPU.Build.0 = Release|Any CPU
		{629FB928-D9DA-476C-8ED2-5850784CFC98}.Debug|Any CPU.ActiveCfg = Debug|Any CPU
		{629FB928-D9DA-476C-8ED2-5850784CFC98}.Debug|Any CPU.Build.0 = Debug|Any CPU
		{629FB928-D9DA-476C-8ED2-5850784CFC98}.Release|Any CPU.ActiveCfg = Release|Any CPU
		{629FB928-D9DA-476C-8ED2-5850784CFC98}.Release|Any CPU.Build.0 = Release|Any CPU
	EndGlobalSection
	GlobalSection(SolutionProperties) = preSolution
		HideSolutionNode = FALSE
	EndGlobalSection
	GlobalSection(ExtensibilityGlobals) = postSolution
		SolutionGuid = {BB5BA455-59E0-4804-ADDE-FB3D0AFB2F36}
	EndGlobalSection
EndGlobal
